Microsoft Visual Studio Solution File, Format Version 12.00
# Visual Studio Version 17
VisualStudioVersion = 17.0.31611.283
MinimumVisualStudioVersion = 10.0.40219.1
Project("{9A19103F-16F7-4668-BE54-9A1E7A4F7556}") = "Masa.Blazor.ProApp", "Masa.Blazor.ProApp\Masa.Blazor.ProApp.csproj", "{58935B6E-7935-4E30-8DBF-A67BFDE3F683}"
Project("{9A19103F-16F7-4668-BE54-9A1E7A4F7556}") = "Masa.Blazor.ProApp.Rcl", "Masa.Blazor.ProApp.Rcl\Masa.Blazor.ProApp.Rcl.csproj", "{8F51EA0C-8286-4EE7-BA59-10931DDDD62A}"
EndProject
EndProject
Global
	GlobalSection(SolutionConfigurationPlatforms) = preSolution
		Debug|Any CPU = Debug|Any CPU
		Release|Any CPU = Release|Any CPU
	EndGlobalSection
	GlobalSection(ProjectConfigurationPlatforms) = postSolution
		{58935B6E-7935-4E30-8DBF-A67BFDE3F683}.Debug|Any CPU.ActiveCfg = Debug|Any CPU
		{58935B6E-7935-4E30-8DBF-A67BFDE3F683}.Debug|Any CPU.Build.0 = Debug|Any CPU
		{58935B6E-7935-4E30-8DBF-A67BFDE3F683}.Debug|Any CPU.Deploy.0 = Debug|Any CPU
		{58935B6E-7935-4E30-8DBF-A67BFDE3F683}.Release|Any CPU.ActiveCfg = Release|Any CPU
		{58935B6E-7935-4E30-8DBF-A67BFDE3F683}.Release|Any CPU.Build.0 = Release|Any CPU
		{8F51EA0C-8286-4EE7-BA59-10931DDDD62A}.Debug|Any CPU.ActiveCfg = Debug|Any CPU
		{8F51EA0C-8286-4EE7-BA59-10931DDDD62A}.Debug|Any CPU.Build.0 = Debug|Any CPU
		{8F51EA0C-8286-4EE7-BA59-10931DDDD62A}.Release|Any CPU.ActiveCfg = Release|Any CPU
		{8F51EA0C-8286-4EE7-BA59-10931DDDD62A}.Release|Any CPU.Build.0 = Release|Any CPU
	EndGlobalSection
	GlobalSection(SolutionProperties) = preSolution
		HideSolutionNode = FALSE
	EndGlobalSection
	GlobalSection(ExtensibilityGlobals) = postSolution
		SolutionGuid = {0E88533A-87A9-48F8-834B-D02820BC0C6E}
	EndGlobalSection
EndGlobal
