Microsoft Visual Studio Solution File, Format Version 12.00
# Visual Studio Version 17
VisualStudioVersion = 17.10.34607.79
MinimumVisualStudioVersion = 16.0.0.0
Project("{9A19103F-16F7-4668-BE54-9A1E7A4F7556}") = "Masa.Blazor.Pro", "Masa.Blazor.Pro\Masa.Blazor.Pro.csproj", "{E505F326-BACB-4FF3-93A2-8EC64CC0DCCE}"
EndProject
Project("{9A19103F-16F7-4668-BE54-9A1E7A4F7556}") = "Masa.Blazor.Pro.Client", "Masa.Blazor.Pro.Client\Masa.Blazor.Pro.Client.csproj", "{944BA7F3-6BDE-4008-81B2-13B9CB517DDB}"
EndProject
Project("{9A19103F-16F7-4668-BE54-9A1E7A4F7556}") = "Masa.Blazor", "..\MASA.Blazor\src\Masa.Blazor\Masa.Blazor.csproj", "{7BBF4E0D-C76F-4770-ADC8-D293D40C87B3}"
EndProject
Project("{9A19103F-16F7-4668-BE54-9A1E7A4F7556}") = "BlazorComponent", "..\MASA.Blazor\src\BlazorComponent\src\Component\BlazorComponent\BlazorComponent.csproj", "{F483BCBA-6164-445E-A595-B860C09ADC9F}"
EndProject
Project("{9A19103F-16F7-4668-BE54-9A1E7A4F7556}") = "Masa.Blazor.ProApp.Web", "Masa.Blazor.ProApp.Web\Masa.Blazor.ProApp.Web.csproj", "{A36B39BC-9D91-41B1-853E-D3927D8D844A}"
EndProject
Project("{9A19103F-16F7-4668-BE54-9A1E7A4F7556}") = "Masa.Blazor.Pro.Components", "Masa.Blazor.Pro.Components\Masa.Blazor.Pro.Components.csproj", "{DC495E7A-3E28-48A0-A185-C30BAACFEEE3}"
EndProject
Project("{FAE04EC0-301F-11D3-BF4B-00C04F79EFBC}") = "ProApp", "ProApp\ProApp.csproj", "{067B9CD3-1076-475F-B681-807B266B2645}"
EndProject
Project("{FAE04EC0-301F-11D3-BF4B-00C04F79EFBC}") = "Masa.Blazor.ProApp.Rcl", "Masa.Blazor.ProApp.Rcl\Masa.Blazor.ProApp.Rcl.csproj", "{CF2E55CA-E189-47FC-BC24-735B6E869E86}"
EndProject
Global
	GlobalSection(SolutionConfigurationPlatforms) = preSolution
		Debug|Any CPU = Debug|Any CPU
		Debug|x64 = Debug|x64
		Debug|x86 = Debug|x86
		Release|Any CPU = Release|Any CPU
		Release|x64 = Release|x64
		Release|x86 = Release|x86
	EndGlobalSection
	GlobalSection(ProjectConfigurationPlatforms) = postSolution
		{E505F326-BACB-4FF3-93A2-8EC64CC0DCCE}.Debug|Any CPU.ActiveCfg = Debug|Any CPU
		{E505F326-BACB-4FF3-93A2-8EC64CC0DCCE}.Debug|Any CPU.Build.0 = Debug|Any CPU
		{E505F326-BACB-4FF3-93A2-8EC64CC0DCCE}.Debug|x64.ActiveCfg = Debug|Any CPU
		{E505F326-BACB-4FF3-93A2-8EC64CC0DCCE}.Debug|x64.Build.0 = Debug|Any CPU
		{E505F326-BACB-4FF3-93A2-8EC64CC0DCCE}.Debug|x86.ActiveCfg = Debug|Any CPU
		{E505F326-BACB-4FF3-93A2-8EC64CC0DCCE}.Debug|x86.Build.0 = Debug|Any CPU
		{E505F326-BACB-4FF3-93A2-8EC64CC0DCCE}.Release|Any CPU.ActiveCfg = Release|Any CPU
		{E505F326-BACB-4FF3-93A2-8EC64CC0DCCE}.Release|Any CPU.Build.0 = Release|Any CPU
		{E505F326-BACB-4FF3-93A2-8EC64CC0DCCE}.Release|x64.ActiveCfg = Release|Any CPU
		{E505F326-BACB-4FF3-93A2-8EC64CC0DCCE}.Release|x64.Build.0 = Release|Any CPU
		{E505F326-BACB-4FF3-93A2-8EC64CC0DCCE}.Release|x86.ActiveCfg = Release|Any CPU
		{E505F326-BACB-4FF3-93A2-8EC64CC0DCCE}.Release|x86.Build.0 = Release|Any CPU
		{944BA7F3-6BDE-4008-81B2-13B9CB517DDB}.Debug|Any CPU.ActiveCfg = Debug|Any CPU
		{944BA7F3-6BDE-4008-81B2-13B9CB517DDB}.Debug|Any CPU.Build.0 = Debug|Any CPU
		{944BA7F3-6BDE-4008-81B2-13B9CB517DDB}.Debug|x64.ActiveCfg = Debug|Any CPU
		{944BA7F3-6BDE-4008-81B2-13B9CB517DDB}.Debug|x64.Build.0 = Debug|Any CPU
		{944BA7F3-6BDE-4008-81B2-13B9CB517DDB}.Debug|x86.ActiveCfg = Debug|Any CPU
		{944BA7F3-6BDE-4008-81B2-13B9CB517DDB}.Debug|x86.Build.0 = Debug|Any CPU
		{944BA7F3-6BDE-4008-81B2-13B9CB517DDB}.Release|Any CPU.ActiveCfg = Release|Any CPU
		{944BA7F3-6BDE-4008-81B2-13B9CB517DDB}.Release|Any CPU.Build.0 = Release|Any CPU
		{944BA7F3-6BDE-4008-81B2-13B9CB517DDB}.Release|x64.ActiveCfg = Release|Any CPU
		{944BA7F3-6BDE-4008-81B2-13B9CB517DDB}.Release|x64.Build.0 = Release|Any CPU
		{944BA7F3-6BDE-4008-81B2-13B9CB517DDB}.Release|x86.ActiveCfg = Release|Any CPU
		{944BA7F3-6BDE-4008-81B2-13B9CB517DDB}.Release|x86.Build.0 = Release|Any CPU
		{7BBF4E0D-C76F-4770-ADC8-D293D40C87B3}.Debug|Any CPU.ActiveCfg = Debug|Any CPU
		{7BBF4E0D-C76F-4770-ADC8-D293D40C87B3}.Debug|Any CPU.Build.0 = Debug|Any CPU
		{7BBF4E0D-C76F-4770-ADC8-D293D40C87B3}.Debug|x64.ActiveCfg = Debug|Any CPU
		{7BBF4E0D-C76F-4770-ADC8-D293D40C87B3}.Debug|x64.Build.0 = Debug|Any CPU
		{7BBF4E0D-C76F-4770-ADC8-D293D40C87B3}.Debug|x86.ActiveCfg = Debug|Any CPU
		{7BBF4E0D-C76F-4770-ADC8-D293D40C87B3}.Debug|x86.Build.0 = Debug|Any CPU
		{7BBF4E0D-C76F-4770-ADC8-D293D40C87B3}.Release|Any CPU.ActiveCfg = Release|Any CPU
		{7BBF4E0D-C76F-4770-ADC8-D293D40C87B3}.Release|Any CPU.Build.0 = Release|Any CPU
		{7BBF4E0D-C76F-4770-ADC8-D293D40C87B3}.Release|x64.ActiveCfg = Release|Any CPU
		{7BBF4E0D-C76F-4770-ADC8-D293D40C87B3}.Release|x64.Build.0 = Release|Any CPU
		{7BBF4E0D-C76F-4770-ADC8-D293D40C87B3}.Release|x86.ActiveCfg = Release|Any CPU
		{7BBF4E0D-C76F-4770-ADC8-D293D40C87B3}.Release|x86.Build.0 = Release|Any CPU
		{F483BCBA-6164-445E-A595-B860C09ADC9F}.Debug|Any CPU.ActiveCfg = Debug|Any CPU
		{F483BCBA-6164-445E-A595-B860C09ADC9F}.Debug|Any CPU.Build.0 = Debug|Any CPU
		{F483BCBA-6164-445E-A595-B860C09ADC9F}.Debug|x64.ActiveCfg = Debug|Any CPU
		{F483BCBA-6164-445E-A595-B860C09ADC9F}.Debug|x64.Build.0 = Debug|Any CPU
		{F483BCBA-6164-445E-A595-B860C09ADC9F}.Debug|x86.ActiveCfg = Debug|Any CPU
		{F483BCBA-6164-445E-A595-B860C09ADC9F}.Debug|x86.Build.0 = Debug|Any CPU
		{F483BCBA-6164-445E-A595-B860C09ADC9F}.Release|Any CPU.ActiveCfg = Release|Any CPU
		{F483BCBA-6164-445E-A595-B860C09ADC9F}.Release|Any CPU.Build.0 = Release|Any CPU
		{F483BCBA-6164-445E-A595-B860C09ADC9F}.Release|x64.ActiveCfg = Release|Any CPU
		{F483BCBA-6164-445E-A595-B860C09ADC9F}.Release|x64.Build.0 = Release|Any CPU
		{F483BCBA-6164-445E-A595-B860C09ADC9F}.Release|x86.ActiveCfg = Release|Any CPU
		{F483BCBA-6164-445E-A595-B860C09ADC9F}.Release|x86.Build.0 = Release|Any CPU
		{A36B39BC-9D91-41B1-853E-D3927D8D844A}.Debug|Any CPU.ActiveCfg = Debug|Any CPU
		{A36B39BC-9D91-41B1-853E-D3927D8D844A}.Debug|Any CPU.Build.0 = Debug|Any CPU
		{A36B39BC-9D91-41B1-853E-D3927D8D844A}.Debug|x64.ActiveCfg = Debug|Any CPU
		{A36B39BC-9D91-41B1-853E-D3927D8D844A}.Debug|x64.Build.0 = Debug|Any CPU
		{A36B39BC-9D91-41B1-853E-D3927D8D844A}.Debug|x86.ActiveCfg = Debug|Any CPU
		{A36B39BC-9D91-41B1-853E-D3927D8D844A}.Debug|x86.Build.0 = Debug|Any CPU
		{A36B39BC-9D91-41B1-853E-D3927D8D844A}.Release|Any CPU.ActiveCfg = Release|Any CPU
		{A36B39BC-9D91-41B1-853E-D3927D8D844A}.Release|Any CPU.Build.0 = Release|Any CPU
		{A36B39BC-9D91-41B1-853E-D3927D8D844A}.Release|x64.ActiveCfg = Release|Any CPU
		{A36B39BC-9D91-41B1-853E-D3927D8D844A}.Release|x64.Build.0 = Release|Any CPU
		{A36B39BC-9D91-41B1-853E-D3927D8D844A}.Release|x86.ActiveCfg = Release|Any CPU
		{A36B39BC-9D91-41B1-853E-D3927D8D844A}.Release|x86.Build.0 = Release|Any CPU
		{DC495E7A-3E28-48A0-A185-C30BAACFEEE3}.Debug|Any CPU.ActiveCfg = Debug|Any CPU
		{DC495E7A-3E28-48A0-A185-C30BAACFEEE3}.Debug|Any CPU.Build.0 = Debug|Any CPU
		{DC495E7A-3E28-48A0-A185-C30BAACFEEE3}.Debug|x64.ActiveCfg = Debug|Any CPU
		{DC495E7A-3E28-48A0-A185-C30BAACFEEE3}.Debug|x64.Build.0 = Debug|Any CPU
		{DC495E7A-3E28-48A0-A185-C30BAACFEEE3}.Debug|x86.ActiveCfg = Debug|Any CPU
		{DC495E7A-3E28-48A0-A185-C30BAACFEEE3}.Debug|x86.Build.0 = Debug|Any CPU
		{DC495E7A-3E28-48A0-A185-C30BAACFEEE3}.Release|Any CPU.ActiveCfg = Release|Any CPU
		{DC495E7A-3E28-48A0-A185-C30BAACFEEE3}.Release|Any CPU.Build.0 = Release|Any CPU
		{DC495E7A-3E28-48A0-A185-C30BAACFEEE3}.Release|x64.ActiveCfg = Release|Any CPU
		{DC495E7A-3E28-48A0-A185-C30BAACFEEE3}.Release|x64.Build.0 = Release|Any CPU
		{DC495E7A-3E28-48A0-A185-C30BAACFEEE3}.Release|x86.ActiveCfg = Release|Any CPU
		{DC495E7A-3E28-48A0-A185-C30BAACFEEE3}.Release|x86.Build.0 = Release|Any CPU
		{067B9CD3-1076-475F-B681-807B266B2645}.Debug|Any CPU.ActiveCfg = Debug|Any CPU
		{067B9CD3-1076-475F-B681-807B266B2645}.Debug|Any CPU.Build.0 = Debug|Any CPU
		{067B9CD3-1076-475F-B681-807B266B2645}.Debug|Any CPU.Deploy.0 = Debug|Any CPU
		{067B9CD3-1076-475F-B681-807B266B2645}.Debug|x64.ActiveCfg = Debug|Any CPU
		{067B9CD3-1076-475F-B681-807B266B2645}.Debug|x64.Build.0 = Debug|Any CPU
		{067B9CD3-1076-475F-B681-807B266B2645}.Debug|x64.Deploy.0 = Debug|Any CPU
		{067B9CD3-1076-475F-B681-807B266B2645}.Debug|x86.ActiveCfg = Debug|Any CPU
		{067B9CD3-1076-475F-B681-807B266B2645}.Debug|x86.Build.0 = Debug|Any CPU
		{067B9CD3-1076-475F-B681-807B266B2645}.Debug|x86.Deploy.0 = Debug|Any CPU
		{067B9CD3-1076-475F-B681-807B266B2645}.Release|Any CPU.ActiveCfg = Release|Any CPU
		{067B9CD3-1076-475F-B681-807B266B2645}.Release|Any CPU.Build.0 = Release|Any CPU
		{067B9CD3-1076-475F-B681-807B266B2645}.Release|Any CPU.Deploy.0 = Release|Any CPU
		{067B9CD3-1076-475F-B681-807B266B2645}.Release|x64.ActiveCfg = Release|Any CPU
		{067B9CD3-1076-475F-B681-807B266B2645}.Release|x64.Build.0 = Release|Any CPU
		{067B9CD3-1076-475F-B681-807B266B2645}.Release|x64.Deploy.0 = Release|Any CPU
		{067B9CD3-1076-475F-B681-807B266B2645}.Release|x86.ActiveCfg = Release|Any CPU
		{067B9CD3-1076-475F-B681-807B266B2645}.Release|x86.Build.0 = Release|Any CPU
		{067B9CD3-1076-475F-B681-807B266B2645}.Release|x86.Deploy.0 = Release|Any CPU
		{CF2E55CA-E189-47FC-BC24-735B6E869E86}.Debug|Any CPU.ActiveCfg = Debug|Any CPU
		{CF2E55CA-E189-47FC-BC24-735B6E869E86}.Debug|Any CPU.Build.0 = Debug|Any CPU
		{CF2E55CA-E189-47FC-BC24-735B6E869E86}.Debug|x64.ActiveCfg = Debug|Any CPU
		{CF2E55CA-E189-47FC-BC24-735B6E869E86}.Debug|x64.Build.0 = Debug|Any CPU
		{CF2E55CA-E189-47FC-BC24-735B6E869E86}.Debug|x86.ActiveCfg = Debug|Any CPU
		{CF2E55CA-E189-47FC-BC24-735B6E869E86}.Debug|x86.Build.0 = Debug|Any CPU
		{CF2E55CA-E189-47FC-BC24-735B6E869E86}.Release|Any CPU.ActiveCfg = Release|Any CPU
		{CF2E55CA-E189-47FC-BC24-735B6E869E86}.Release|Any CPU.Build.0 = Release|Any CPU
		{CF2E55CA-E189-47FC-BC24-735B6E869E86}.Release|x64.ActiveCfg = Release|Any CPU
		{CF2E55CA-E189-47FC-BC24-735B6E869E86}.Release|x64.Build.0 = Release|Any CPU
		{CF2E55CA-E189-47FC-BC24-735B6E869E86}.Release|x86.ActiveCfg = Release|Any CPU
		{CF2E55CA-E189-47FC-BC24-735B6E869E86}.Release|x86.Build.0 = Release|Any CPU
	EndGlobalSection
	GlobalSection(SolutionProperties) = preSolution
		HideSolutionNode = FALSE
	EndGlobalSection
	GlobalSection(ExtensibilityGlobals) = postSolution
		SolutionGuid = {41A0DEFD-768D-440B-B382-E4BA2E314018}
	EndGlobalSection
EndGlobal
